github.com/Psiphon-Labs/psiphon-tunnel-core v2.0.28+incompatible h1:d+rqXUuqGXk6JrShHWUQDybeAaKTVKLnLTtuoaiXKZk=
github.com/Psiphon-Labs/psiphon-tunnel-core v2.0.28+incompatible/go.mod h1:VcNEtiQ0z2sCGJf16ZGcpwCas5+r9rt+P20r6LlJ06U=
golang.org/x/crypto v0.52.0 h1:RMs7fP2rXdep0CftQlK8Uf+kibLm7qkCcradZWYz988=
golang.org/x/crypto v0.52.0/go.mod h1:1QgfPxDqh0T2M/elOJtp9RvuR95kVjir0e6/BvEmGbc=
golang.org/x/sys v0.45.0 h1:dO4czNzziLiiXplLQgBCEpCvXQ3dnkn0SdaZSYdQ+FY=
golang.org/x/sys v0.45.0/go.mod h1:4GL1E5IUh+htKOUEOaiffhrAeqysfVGipDYzABqnCmw=
